<?xml version="1.0" encoding="utf-8"?>
<Project ToolsVersion="4.0" xmlns="http://schemas.microsoft.com/developer/msbuild/2003">
  <ItemGroup>
    <Filter Include="源文件">
      <UniqueIdentifier>{4FC737F1-C7A5-4376-A066-2A32D752A2FF}</UniqueIdentifier>
      <Extensions>cpp;c;cc;cxx;c++;cppm;ixx;def;odl;idl;hpj;bat;asm;asmx</Extensions>
    </Filter>
    <Filter Include="头文件">
      <UniqueIdentifier>{93995380-89BD-4b04-88EB-625FBE52EBFB}</UniqueIdentifier>
      <Extensions>h;hh;hpp;hxx;h++;hm;inl;inc;ipp;xsd</Extensions>
    </Filter>
    <Filter Include="资源文件">
      <UniqueIdentifier>{67DA6AB6-F800-4c08-8B7A-83BB121AAD01}</UniqueIdentifier>
      <Extensions>rc;ico;cur;bmp;dlg;rc2;rct;bin;rgs;gif;jpg;jpeg;jpe;resx;tiff;tif;png;wav;mfcribbon-ms</Extensions>
    </Filter>
    <Filter Include="头文件\Tcp">
      <UniqueIdentifier>{563e7795-3662-4a34-a4e0-4e0bee8ac4d7}</UniqueIdentifier>
    </Filter>
    <Filter Include="头文件\Utils">
      <UniqueIdentifier>{8576787c-567a-47ff-b439-94aed3a3e54b}</UniqueIdentifier>
    </Filter>
    <Filter Include="头文件\Parser">
      <UniqueIdentifier>{8c556be2-123c-4776-97f2-b21944c8cc05}</UniqueIdentifier>
    </Filter>
    <Filter Include="头文件\GameLogic">
      <UniqueIdentifier>{469079dc-d466-4ff0-881d-2d20e78d2656}</UniqueIdentifier>
    </Filter>
    <Filter Include="头文件\Tests">
      <UniqueIdentifier>{46dc49d3-8323-4e26-b800-978c7cd676b6}</UniqueIdentifier>
    </Filter>
    <Filter Include="头文件\Algo">
      <UniqueIdentifier>{6f10b030-ba1a-44a5-92a4-e625a7aac456}</UniqueIdentifier>
    </Filter>
    <Filter Include="头文件\Interface">
      <UniqueIdentifier>{7ddab8d0-5445-42a6-9ef6-04ead911f6f6}</UniqueIdentifier>
    </Filter>
  </ItemGroup>
  <ItemGroup>
    <ClCompile Include="TcpServer.cpp">
      <Filter>源文件</Filter>
    </ClCompile>
    <ClCompile Include="Utils.cpp">
      <Filter>源文件</Filter>
    </ClCompile>
    <ClCompile Include="TcpData.cpp">
      <Filter>源文件</Filter>
    </ClCompile>
    <ClCompile Include="MyMutex.cpp">
      <Filter>源文件</Filter>
    </ClCompile>
    <ClCompile Include="TcpClient.cpp">
      <Filter>源文件</Filter>
    </ClCompile>
    <ClCompile Include="TcpUtils.cpp">
      <Filter>源文件</Filter>
    </ClCompile>
    <ClCompile Include="GameTcpServer.cpp">
      <Filter>源文件</Filter>
    </ClCompile>
    <ClCompile Include="DataParser.cpp">
      <Filter>源文件</Filter>
    </ClCompile>
    <ClCompile Include="IParser.cpp">
      <Filter>源文件</Filter>
    </ClCompile>
    <ClCompile Include="IMessage.cpp">
      <Filter>源文件</Filter>
    </ClCompile>
    <ClCompile Include="PingParser.cpp">
      <Filter>源文件</Filter>
    </ClCompile>
    <ClCompile Include="ThreadBuffer.cpp">
      <Filter>源文件</Filter>
    </ClCompile>
    <ClCompile Include="GameDatabase.cpp">
      <Filter>源文件</Filter>
    </ClCompile>
    <ClCompile Include="PingMessage.cpp">
      <Filter>源文件</Filter>
    </ClCompile>
    <ClCompile Include="UserInfo.cpp">
      <Filter>源文件</Filter>
    </ClCompile>
    <ClCompile Include="LoginRequestParser.cpp">
      <Filter>源文件</Filter>
    </ClCompile>
    <ClCompile Include="LoginRequest.cpp">
      <Filter>源文件</Filter>
    </ClCompile>
    <ClCompile Include="LoginMessage.cpp">
      <Filter>源文件</Filter>
    </ClCompile>
    <ClCompile Include="GameGraph.cpp">
      <Filter>源文件</Filter>
    </ClCompile>
    <ClCompile Include="TankCraft_NetManager_Component.cpp">
      <Filter>源文件</Filter>
    </ClCompile>
    <ClCompile Include="TankCraftServer.cpp">
      <Filter>头文件</Filter>
    </ClCompile>
    <ClCompile Include="UnionFindSet.cpp">
      <Filter>源文件</Filter>
    </ClCompile>
    <ClCompile Include="MapRequestParser.cpp">
      <Filter>源文件</Filter>
    </ClCompile>
    <ClCompile Include="MapRequest.cpp">
      <Filter>源文件</Filter>
    </ClCompile>
    <ClCompile Include="MapMessage.cpp">
      <Filter>源文件</Filter>
    </ClCompile>
    <ClCompile Include="UserInfoRequest.cpp">
      <Filter>源文件</Filter>
    </ClCompile>
    <ClCompile Include="UserInfoMessage.cpp">
      <Filter>源文件</Filter>
    </ClCompile>
    <ClCompile Include="UserInfoRequestParser.cpp">
      <Filter>源文件</Filter>
    </ClCompile>
    <ClCompile Include="TankPosMessage.cpp">
      <Filter>源文件</Filter>
    </ClCompile>
    <ClCompile Include="SysUtils.cpp">
      <Filter>源文件</Filter>
    </ClCompile>
    <ClCompile Include="KeyStatusRequestParser.cpp">
      <Filter>源文件</Filter>
    </ClCompile>
    <ClCompile Include="KeyStatusRequest.cpp">
      <Filter>源文件</Filter>
    </ClCompile>
    <ClCompile Include="WallPos.cpp">
      <Filter>源文件</Filter>
    </ClCompile>
  </ItemGroup>
  <ItemGroup>
    <ClInclude Include="TcpClient.h">
      <Filter>头文件\Tcp</Filter>
    </ClInclude>
    <ClInclude Include="TcpData.h">
      <Filter>头文件\Tcp</Filter>
    </ClInclude>
    <ClInclude Include="TcpUtils.h">
      <Filter>头文件\Tcp</Filter>
    </ClInclude>
    <ClInclude Include="TcpServer.h">
      <Filter>头文件\Tcp</Filter>
    </ClInclude>
    <ClInclude Include="Utils.h">
      <Filter>头文件\Utils</Filter>
    </ClInclude>
    <ClInclude Include="MyMutex.h">
      <Filter>头文件\Utils</Filter>
    </ClInclude>
    <ClInclude Include="IParser.h">
      <Filter>头文件\Parser</Filter>
    </ClInclude>
    <ClInclude Include="IMessage.h">
      <Filter>头文件\Parser</Filter>
    </ClInclude>
    <ClInclude Include="DataParser.h">
      <Filter>头文件\Parser</Filter>
    </ClInclude>
    <ClInclude Include="GameTcpServer.h">
      <Filter>头文件\GameLogic</Filter>
    </ClInclude>
    <ClInclude Include="TestPrograms.h">
      <Filter>头文件\Tests</Filter>
    </ClInclude>
    <ClInclude Include="PingParser.h">
      <Filter>头文件\Parser</Filter>
    </ClInclude>
    <ClInclude Include="ThreadBuffer.h">
      <Filter>头文件\GameLogic</Filter>
    </ClInclude>
    <ClInclude Include="GameDatabase.h">
      <Filter>头文件\GameLogic</Filter>
    </ClInclude>
    <ClInclude Include="PingMessage.h">
      <Filter>头文件\Parser</Filter>
    </ClInclude>
    <ClInclude Include="UserInfo.h">
      <Filter>头文件\GameLogic</Filter>
    </ClInclude>
    <ClInclude Include="LoginRequestParser.h">
      <Filter>头文件\Parser</Filter>
    </ClInclude>
    <ClInclude Include="RequestMessageTypes.h">
      <Filter>头文件\Parser</Filter>
    </ClInclude>
    <ClInclude Include="LoginRequest.h">
      <Filter>头文件\Parser</Filter>
    </ClInclude>
    <ClInclude Include="LoginMessage.h">
      <Filter>头文件\Parser</Filter>
    </ClInclude>
    <ClInclude Include="GameGraph.h">
      <Filter>头文件\Algo</Filter>
    </ClInclude>
    <ClInclude Include="Component.h">
      <Filter>头文件\Interface</Filter>
    </ClInclude>
    <ClInclude Include="TankCraft_NetManager_Component.h">
      <Filter>头文件\Interface</Filter>
    </ClInclude>
    <ClInclude Include="UnionFindSet.h">
      <Filter>头文件\Algo</Filter>
    </ClInclude>
    <ClInclude Include="MapRequestParser.h">
      <Filter>头文件\Parser</Filter>
    </ClInclude>
    <ClInclude Include="MapRequest.h">
      <Filter>头文件\Parser</Filter>
    </ClInclude>
    <ClInclude Include="MapMessage.h">
      <Filter>头文件\Parser</Filter>
    </ClInclude>
    <ClInclude Include="UserInfoRequest.h">
      <Filter>头文件\Parser</Filter>
    </ClInclude>
    <ClInclude Include="UserInfoMessage.h">
      <Filter>头文件\Parser</Filter>
    </ClInclude>
    <ClInclude Include="UserInfoRequestParser.h">
      <Filter>头文件\Parser</Filter>
    </ClInclude>
    <ClInclude Include="TankPosMessage.h">
      <Filter>头文件\Parser</Filter>
    </ClInclude>
    <ClInclude Include="SysUtils.h">
      <Filter>头文件\Utils</Filter>
    </ClInclude>
    <ClInclude Include="KeyStatusRequestParser.h">
      <Filter>头文件\Parser</Filter>
    </ClInclude>
    <ClInclude Include="KeyStatusRequest.h">
      <Filter>头文件\Parser</Filter>
    </ClInclude>
    <ClInclude Include="WallPos.h">
      <Filter>头文件\GameLogic</Filter>
    </ClInclude>
  </ItemGroup>
</Project>